
Microsoft Visual Studio Solution File, Format Version 12.00
# Visual Studio Version 16
VisualStudioVersion = 16.0.31729.503
MinimumVisualStudioVersion = 10.0.40219.1
Project("{FAE04EC0-301F-11D3-BF4B-00C04F79EFBC}") = "WpfAppSquirrelGithub", "WpfAppSquirrelGithub\WpfAppSquirrelGithub.csproj", "{079A540D-E5BD-4DF9-81FA-B3CCAA2B89BC}"
EndProject
Global
	GlobalSection(SolutionConfigurationPlatforms) = preSolution
		Debug|Any CPU = Debug|Any CPU
		Release|Any CPU = Release|Any CPU
	EndGlobalSection
	GlobalSection(ProjectConfigurationPlatforms) = postSolution
		{079A540D-E5BD-4DF9-81FA-B3CCAA2B89BC}.Debug|Any CPU.ActiveCfg = Debug|Any CPU
		{079A540D-E5BD-4DF9-81FA-B3CCAA2B89BC}.Debug|Any CPU.Build.0 = Debug|Any CPU
		{079A540D-E5BD-4DF9-81FA-B3CCAA2B89BC}.Release|Any CPU.ActiveCfg = Release|Any CPU
		{079A540D-E5BD-4DF9-81FA-B3CCAA2B89BC}.Release|Any CPU.Build.0 = Release|Any CPU
	EndGlobalSection
	GlobalSection(SolutionProperties) = preSolution
		HideSolutionNode = FALSE
	EndGlobalSection
	GlobalSection(ExtensibilityGlobals) = postSolution
		SolutionGuid = {DCC7A682-C9FD-43F1-88E3-2D1497C2528E}
	EndGlobalSection
EndGlobal
